
Microsoft Visual Studio Solution File, Format Version 12.00
# Visual Studio 15
VisualStudioVersion = 15.0.28307.902
MinimumVisualStudioVersion = 10.0.40219.1
Project("{FAE04EC0-301F-11D3-BF4B-00C04F79EFBC}") = "CommonIpc", "CommonIpc\CommonIpc.csproj", "{09626C6A-EE7A-493F-96D2-4C2739EC0528}"
EndProject
Project("{FAE04EC0-301F-11D3-BF4B-00C04F79EFBC}") = "IpcServer", "IpcServer\IpcServer.csproj", "{7146EB19-181E-4C21-83FF-58B345719F07}"
EndProject
Project("{FAE04EC0-301F-11D3-BF4B-00C04F79EFBC}") = "IpcClient", "IpcClient\IpcClient.csproj", "{51A6751D-6E80-47C2-944A-7300F09EB831}"
EndProject
Global
	GlobalSection(SolutionConfigurationPlatforms) = preSolution
		Debug|Any CPU = Debug|Any CPU
		Release|Any CPU = Release|Any CPU
	EndGlobalSection
	GlobalSection(ProjectConfigurationPlatforms) = postSolution
		{09626C6A-EE7A-493F-96D2-4C2739EC0528}.Debug|Any CPU.ActiveCfg = Debug|Any CPU
		{09626C6A-EE7A-493F-96D2-4C2739EC0528}.Debug|Any CPU.Build.0 = Debug|Any CPU
		{09626C6A-EE7A-493F-96D2-4C2739EC0528}.Release|Any CPU.ActiveCfg = Release|Any CPU
		{09626C6A-EE7A-493F-96D2-4C2739EC0528}.Release|Any CPU.Build.0 = Release|Any CPU
		{7146EB19-181E-4C21-83FF-58B345719F07}.Debug|Any CPU.ActiveCfg = Debug|Any CPU
		{7146EB19-181E-4C21-83FF-58B345719F07}.Debug|Any CPU.Build.0 = Debug|Any CPU
		{7146EB19-181E-4C21-83FF-58B345719F07}.Release|Any CPU.ActiveCfg = Release|Any CPU
		{7146EB19-181E-4C21-83FF-58B345719F07}.Release|Any CPU.Build.0 = Release|Any CPU
		{51A6751D-6E80-47C2-944A-7300F09EB831}.Debug|Any CPU.ActiveCfg = Debug|Any CPU
		{51A6751D-6E80-47C2-944A-7300F09EB831}.Debug|Any CPU.Build.0 = Debug|Any CPU
		{51A6751D-6E80-47C2-944A-7300F09EB831}.Release|Any CPU.ActiveCfg = Release|Any CPU
		{51A6751D-6E80-47C2-944A-7300F09EB831}.Release|Any CPU.Build.0 = Release|Any CPU
	EndGlobalSection
	GlobalSection(SolutionProperties) = preSolution
		HideSolutionNode = FALSE
	EndGlobalSection
	GlobalSection(ExtensibilityGlobals) = postSolution
		SolutionGuid = {EED4CF1A-582F-4BE2-AA93-D04F316CCB49}
	EndGlobalSection
EndGlobal
